
Microsoft Visual Studio Solution File, Format Version 12.00
# Visual Studio Version 17
VisualStudioVersion = 17.5.002.0
MinimumVisualStudioVersion = 10.0.40219.1
Project("{9A19103F-16F7-4668-BE54-9A1E7A4F7556}") = "MongoExample", "MongoExample.csproj", "{ECB832F4-1445-47B7-9958-902D514568B7}"
EndProject
Global
	GlobalSection(SolutionConfigurationPlatforms) = preSolution
		Debug|Any CPU = Debug|Any CPU
		Release|Any CPU = Release|Any CPU
	EndGlobalSection
	GlobalSection(ProjectConfigurationPlatforms) = postSolution
		{ECB832F4-1445-47B7-9958-902D514568B7}.Debug|Any CPU.ActiveCfg = Debug|Any CPU
		{ECB832F4-1445-47B7-9958-902D514568B7}.Debug|Any CPU.Build.0 = Debug|Any CPU
		{ECB832F4-1445-47B7-9958-902D514568B7}.Release|Any CPU.ActiveCfg = Release|Any CPU
		{ECB832F4-1445-47B7-9958-902D514568B7}.Release|Any CPU.Build.0 = Release|Any CPU
	EndGlobalSection
	GlobalSection(SolutionProperties) = preSolution
		HideSolutionNode = FALSE
	EndGlobalSection
	GlobalSection(ExtensibilityGlobals) = postSolution
		SolutionGuid = {A8ED4F8C-54C1-461A-926C-0B0D86F1A841}
	EndGlobalSection
EndGlobal
